
Microsoft Visual Studio Solution File, Format Version 12.00
# Visual Studio 15
VisualStudioVersion = 15.0.27703.2000
MinimumVisualStudioVersion = 10.0.40219.1
Project("{8BC9CEB8-8B4A-11D0-8D11-00A0C91BC942}") = "Tracker", "Tracker\Tracker.vcxproj", "{0267CFDA-0DED-4B33-B8BE-AD4C5AD5712F}"
EndProject
Project("{8BC9CEB8-8B4A-11D0-8D11-00A0C91BC942}") = "Peer", "Peer\Peer.vcxproj", "{F3BE51C2-46B6-4D69-820A-8FDC7029C187}"
EndProject
Global
	GlobalSection(SolutionConfigurationPlatforms) = preSolution
		Debug|x64 = Debug|x64
		Debug|x86 = Debug|x86
		Release|x64 = Release|x64
		Release|x86 = Release|x86
	EndGlobalSection
	GlobalSection(ProjectConfigurationPlatforms) = postSolution
		{0267CFDA-0DED-4B33-B8BE-AD4C5AD5712F}.Debug|x64.ActiveCfg = Debug|x64
		{0267CFDA-0DED-4B33-B8BE-AD4C5AD5712F}.Debug|x64.Build.0 = Debug|x64
		{0267CFDA-0DED-4B33-B8BE-AD4C5AD5712F}.Debug|x86.ActiveCfg = Debug|Win32
		{0267CFDA-0DED-4B33-B8BE-AD4C5AD5712F}.Debug|x86.Build.0 = Debug|Win32
		{0267CFDA-0DED-4B33-B8BE-AD4C5AD5712F}.Release|x64.ActiveCfg = Release|x64
		{0267CFDA-0DED-4B33-B8BE-AD4C5AD5712F}.Release|x64.Build.0 = Release|x64
		{0267CFDA-0DED-4B33-B8BE-AD4C5AD5712F}.Release|x86.ActiveCfg = Release|Win32
		{0267CFDA-0DED-4B33-B8BE-AD4C5AD5712F}.Release|x86.Build.0 = Release|Win32
		{F3BE51C2-46B6-4D69-820A-8FDC7029C187}.Debug|x64.ActiveCfg = Debug|x64
		{F3BE51C2-46B6-4D69-820A-8FDC7029C187}.Debug|x64.Build.0 = Debug|x64
		{F3BE51C2-46B6-4D69-820A-8FDC7029C187}.Debug|x86.ActiveCfg = Debug|Win32
		{F3BE51C2-46B6-4D69-820A-8FDC7029C187}.Debug|x86.Build.0 = Debug|Win32
		{F3BE51C2-46B6-4D69-820A-8FDC7029C187}.Release|x64.ActiveCfg = Release|x64
		{F3BE51C2-46B6-4D69-820A-8FDC7029C187}.Release|x64.Build.0 = Release|x64
		{F3BE51C2-46B6-4D69-820A-8FDC7029C187}.Release|x86.ActiveCfg = Release|Win32
		{F3BE51C2-46B6-4D69-820A-8FDC7029C187}.Release|x86.Build.0 = Release|Win32
	EndGlobalSection
	GlobalSection(SolutionProperties) = preSolution
		HideSolutionNode = FALSE
	EndGlobalSection
	GlobalSection(ExtensibilityGlobals) = postSolution
		SolutionGuid = {F09EA4E3-A7F2-474E-B649-2D6990957D19}
	EndGlobalSection
EndGlobal
