
Microsoft Visual Studio Solution File, Format Version 12.00
# Visual Studio 15
VisualStudioVersion = 15.0.27428.2043
MinimumVisualStudioVersion = 10.0.40219.1
Project("{8BC9CEB8-8B4A-11D0-8D11-00A0C91BC942}") = "Tracker", "Tracker.vcxproj", "{61070CA2-B5A4-4073-9DAB-00235A53E2DB}"
EndProject
Global
	GlobalSection(SolutionConfigurationPlatforms) = preSolution
		Debug|x64 = Debug|x64
		Debug|x86 = Debug|x86
		Release|x64 = Release|x64
		Release|x86 = Release|x86
	EndGlobalSection
	GlobalSection(ProjectConfigurationPlatforms) = postSolution
		{61070CA2-B5A4-4073-9DAB-00235A53E2DB}.Debug|x64.ActiveCfg = Debug|x64
		{61070CA2-B5A4-4073-9DAB-00235A53E2DB}.Debug|x64.Build.0 = Debug|x64
		{61070CA2-B5A4-4073-9DAB-00235A53E2DB}.Debug|x86.ActiveCfg = Debug|Win32
		{61070CA2-B5A4-4073-9DAB-00235A53E2DB}.Debug|x86.Build.0 = Debug|Win32
		{61070CA2-B5A4-4073-9DAB-00235A53E2DB}.Release|x64.ActiveCfg = Release|x64
		{61070CA2-B5A4-4073-9DAB-00235A53E2DB}.Release|x64.Build.0 = Release|x64
		{61070CA2-B5A4-4073-9DAB-00235A53E2DB}.Release|x86.ActiveCfg = Release|Win32
		{61070CA2-B5A4-4073-9DAB-00235A53E2DB}.Release|x86.Build.0 = Release|Win32
	EndGlobalSection
	GlobalSection(SolutionProperties) = preSolution
		HideSolutionNode = FALSE
	EndGlobalSection
	GlobalSection(ExtensibilityGlobals) = postSolution
		SolutionGuid = {1B025B1E-13D3-4BCF-923F-1CCF9EB38C99}
	EndGlobalSection
EndGlobal
